
Microsoft Visual Studio Solution File, Format Version 12.00
# Visual Studio Version 17
VisualStudioVersion = 17.12.35514.174 d17.12
MinimumVisualStudioVersion = 10.0.40219.1
Project("{FAE04EC0-301F-11D3-BF4B-00C04F79EFBC}") = "Estacionamento Tech", "Estacionamento Tech\Estacionamento Tech.csproj", "{09803661-022B-4CAC-B1A7-567C15AF5BCE}"
EndProject
Global
	GlobalSection(SolutionConfigurationPlatforms) = preSolution
		Debug|Any CPU = Debug|Any CPU
		Release|Any CPU = Release|Any CPU
	EndGlobalSection
	GlobalSection(ProjectConfigurationPlatforms) = postSolution
		{09803661-022B-4CAC-B1A7-567C15AF5BCE}.Debug|Any CPU.ActiveCfg = Debug|Any CPU
		{09803661-022B-4CAC-B1A7-567C15AF5BCE}.Debug|Any CPU.Build.0 = Debug|Any CPU
		{09803661-022B-4CAC-B1A7-567C15AF5BCE}.Release|Any CPU.ActiveCfg = Release|Any CPU
		{09803661-022B-4CAC-B1A7-567C15AF5BCE}.Release|Any CPU.Build.0 = Release|Any CPU
	EndGlobalSection
	GlobalSection(SolutionProperties) = preSolution
		HideSolutionNode = FALSE
	EndGlobalSection
EndGlobal
