
Microsoft Visual Studio Solution File, Format Version 12.00
# Visual Studio Version 17
VisualStudioVersion = 17.12.35514.174
MinimumVisualStudioVersion = 10.0.40219.1
Project("{FAE04EC0-301F-11D3-BF4B-00C04F79EFBC}") = "Estacionamento Tech", "Estacionamento Tech\Estacionamento Tech.csproj", "{09803661-022B-4CAC-B1A7-567C15AF5BCE}"
EndProject
Project("{2150E333-8FDC-42A3-9474-1A3956D46DE8}") = "EstacionamentoTech.Remaster", "EstacionamentoTech.Remaster", "{02EA681E-C7D8-13C7-8484-4AC65E1B71E8}"
EndProject
Project("{FAE04EC0-301F-11D3-BF4B-00C04F79EFBC}") = "EstacionamentoTech.MVC", "EstacionamentoTech.MVC\EstacionamentoTech.MVC.csproj", "{A6F249B6-B629-4238-9D59-4558BAE7E0BA}"
EndProject
Project("{FAE04EC0-301F-11D3-BF4B-00C04F79EFBC}") = "EstacionamentoTech.Models", "EstacionamentoTech.Models\EstacionamentoTech.Models.csproj", "{6B4BEB8A-690C-4C60-B262-3F814C7692C5}"
EndProject
Project("{FAE04EC0-301F-11D3-BF4B-00C04F79EFBC}") = "EstacionamentoTech.Data", "EstacionamentoTech.Data\EstacionamentoTech.Data.csproj", "{DD7FCAAE-1BD1-4EEB-B5D5-7FDA01D1A0A7}"
EndProject
Global
	GlobalSection(SolutionConfigurationPlatforms) = preSolution
		Debug|Any CPU = Debug|Any CPU
		Release|Any CPU = Release|Any CPU
	EndGlobalSection
	GlobalSection(ProjectConfigurationPlatforms) = postSolution
		{09803661-022B-4CAC-B1A7-567C15AF5BCE}.Debug|Any CPU.ActiveCfg = Debug|Any CPU
		{09803661-022B-4CAC-B1A7-567C15AF5BCE}.Debug|Any CPU.Build.0 = Debug|Any CPU
		{09803661-022B-4CAC-B1A7-567C15AF5BCE}.Release|Any CPU.ActiveCfg = Release|Any CPU
		{09803661-022B-4CAC-B1A7-567C15AF5BCE}.Release|Any CPU.Build.0 = Release|Any CPU
		{A6F249B6-B629-4238-9D59-4558BAE7E0BA}.Debug|Any CPU.ActiveCfg = Debug|Any CPU
		{A6F249B6-B629-4238-9D59-4558BAE7E0BA}.Debug|Any CPU.Build.0 = Debug|Any CPU
		{A6F249B6-B629-4238-9D59-4558BAE7E0BA}.Release|Any CPU.ActiveCfg = Release|Any CPU
		{A6F249B6-B629-4238-9D59-4558BAE7E0BA}.Release|Any CPU.Build.0 = Release|Any CPU
		{6B4BEB8A-690C-4C60-B262-3F814C7692C5}.Debug|Any CPU.ActiveCfg = Debug|Any CPU
		{6B4BEB8A-690C-4C60-B262-3F814C7692C5}.Debug|Any CPU.Build.0 = Debug|Any CPU
		{6B4BEB8A-690C-4C60-B262-3F814C7692C5}.Release|Any CPU.ActiveCfg = Release|Any CPU
		{6B4BEB8A-690C-4C60-B262-3F814C7692C5}.Release|Any CPU.Build.0 = Release|Any CPU
		{DD7FCAAE-1BD1-4EEB-B5D5-7FDA01D1A0A7}.Debug|Any CPU.ActiveCfg = Debug|Any CPU
		{DD7FCAAE-1BD1-4EEB-B5D5-7FDA01D1A0A7}.Debug|Any CPU.Build.0 = Debug|Any CPU
		{DD7FCAAE-1BD1-4EEB-B5D5-7FDA01D1A0A7}.Release|Any CPU.ActiveCfg = Release|Any CPU
		{DD7FCAAE-1BD1-4EEB-B5D5-7FDA01D1A0A7}.Release|Any CPU.Build.0 = Release|Any CPU
	EndGlobalSection
	GlobalSection(SolutionProperties) = preSolution
		HideSolutionNode = FALSE
	EndGlobalSection
	GlobalSection(NestedProjects) = preSolution
		{A6F249B6-B629-4238-9D59-4558BAE7E0BA} = {02EA681E-C7D8-13C7-8484-4AC65E1B71E8}
		{6B4BEB8A-690C-4C60-B262-3F814C7692C5} = {02EA681E-C7D8-13C7-8484-4AC65E1B71E8}
		{DD7FCAAE-1BD1-4EEB-B5D5-7FDA01D1A0A7} = {02EA681E-C7D8-13C7-8484-4AC65E1B71E8}
	EndGlobalSection
	GlobalSection(ExtensibilityGlobals) = postSolution
		SolutionGuid = {E9BA987D-FF79-427B-B949-413DB56814BA}
	EndGlobalSection
EndGlobal
